<?xml version="1.0" encoding="utf-8"?>
<Project ToolsVersion="4.0" xmlns="http://schemas.microsoft.com/developer/msbuild/2003">
  <ItemGroup>
    <Filter Include="ソース ファイル">
      <UniqueIdentifier>{4FC737F1-C7A5-4376-A066-2A32D752A2FF}</UniqueIdentifier>
      <Extensions>cpp;c;cc;cxx;def;odl;idl;hpj;bat;asm;asmx</Extensions>
    </Filter>
    <Filter Include="ヘッダー ファイル">
      <UniqueIdentifier>{93995380-89BD-4b04-88EB-625FBE52EBFB}</UniqueIdentifier>
      <Extensions>h;hpp;hxx;hm;inl;inc;xsd</Extensions>
    </Filter>
    <Filter Include="リソース ファイル">
      <UniqueIdentifier>{67DA6AB6-F800-4c08-8B7A-83BB121AAD01}</UniqueIdentifier>
      <Extensions>rc;ico;cur;bmp;dlg;rc2;rct;bin;rgs;gif;jpg;jpeg;jpe;resx;tiff;tif;png;wav;mfcribbon-ms</Extensions>
    </Filter>
    <Filter Include="ヘッダー ファイル\detail">
      <UniqueIdentifier>{2258afc0-96c7-42d3-b8c4-2f0d2819d482}</UniqueIdentifier>
    </Filter>
    <Filter Include="ヘッダー ファイル\keys">
      <UniqueIdentifier>{3d2aeb7e-0e66-47c8-aa79-c00c12c64272}</UniqueIdentifier>
    </Filter>
    <Filter Include="ヘッダー ファイル\utility">
      <UniqueIdentifier>{5e9878c4-9d4c-462b-8ae7-fbf484cd81b6}</UniqueIdentifier>
    </Filter>
    <Filter Include="ヘッダー ファイル\client">
      <UniqueIdentifier>{6c3a1b3c-928b-4c9b-a9b3-50df625dde74}</UniqueIdentifier>
    </Filter>
    <Filter Include="ヘッダー ファイル\content">
      <UniqueIdentifier>{59868790-536e-4a06-b6a3-e220dc4d09ae}</UniqueIdentifier>
    </Filter>
    <Filter Include="ヘッダー ファイル\utility\impl">
      <UniqueIdentifier>{58c214cc-6b68-4317-b643-55779ec606d3}</UniqueIdentifier>
    </Filter>
    <Filter Include="ヘッダー ファイル\keys\impl">
      <UniqueIdentifier>{86814921-8514-451c-9012-54b7a16dd3c5}</UniqueIdentifier>
    </Filter>
    <Filter Include="ヘッダー ファイル\detail\impl">
      <UniqueIdentifier>{0bee46c2-fc77-442b-8590-8fdfb413cc9b}</UniqueIdentifier>
    </Filter>
    <Filter Include="ヘッダー ファイル\client\impl">
      <UniqueIdentifier>{b73cb347-2883-4a0d-8df5-c3af1fdad575}</UniqueIdentifier>
    </Filter>
  </ItemGroup>
  <ItemGroup>
    <ClInclude Include="detail\oauth_version1.hpp">
      <Filter>ヘッダー ファイル\detail</Filter>
    </ClInclude>
    <ClInclude Include="detail\oauth_version2.hpp">
      <Filter>ヘッダー ファイル\detail</Filter>
    </ClInclude>
    <ClInclude Include="keys.hpp">
      <Filter>ヘッダー ファイル</Filter>
    </ClInclude>
    <ClInclude Include="keys\key_version1.hpp">
      <Filter>ヘッダー ファイル\keys</Filter>
    </ClInclude>
    <ClInclude Include="keys\key_version2.hpp">
      <Filter>ヘッダー ファイル\keys</Filter>
    </ClInclude>
    <ClInclude Include="content\content_base.hpp">
      <Filter>ヘッダー ファイル\content</Filter>
    </ClInclude>
    <ClInclude Include="content\urlencoded.hpp">
      <Filter>ヘッダー ファイル\content</Filter>
    </ClInclude>
    <ClInclude Include="content\multipart_form_data.hpp">
      <Filter>ヘッダー ファイル\content</Filter>
    </ClInclude>
    <ClInclude Include="content\multipart_content_base.hpp">
      <Filter>ヘッダー ファイル\content</Filter>
    </ClInclude>
    <ClInclude Include="content\binary.hpp">
      <Filter>ヘッダー ファイル\content</Filter>
    </ClInclude>
    <ClInclude Include="content\text.hpp">
      <Filter>ヘッダー ファイル\content</Filter>
    </ClInclude>
    <ClInclude Include="client\yahoo.hpp">
      <Filter>ヘッダー ファイル\client</Filter>
    </ClInclude>
    <ClInclude Include="client\twitter.hpp">
      <Filter>ヘッダー ファイル\client</Filter>
    </ClInclude>
    <ClInclude Include="client\common_v1.hpp">
      <Filter>ヘッダー ファイル\client</Filter>
    </ClInclude>
    <ClInclude Include="utility\base64.hpp">
      <Filter>ヘッダー ファイル\utility</Filter>
    </ClInclude>
    <ClInclude Include="utility\radix.hpp">
      <Filter>ヘッダー ファイル\utility</Filter>
    </ClInclude>
    <ClInclude Include="utility\sha1.hpp">
      <Filter>ヘッダー ファイル\utility</Filter>
    </ClInclude>
    <ClInclude Include="utility\hmac.hpp">
      <Filter>ヘッダー ファイル\utility</Filter>
    </ClInclude>
    <ClInclude Include="utility\percent_encoding.hpp">
      <Filter>ヘッダー ファイル\utility</Filter>
    </ClInclude>
    <ClInclude Include="utility\url_encoded.hpp">
      <Filter>ヘッダー ファイル\utility</Filter>
    </ClInclude>
    <ClInclude Include="utility\url.hpp">
      <Filter>ヘッダー ファイル\utility</Filter>
    </ClInclude>
    <ClInclude Include="utility\authentication.hpp">
      <Filter>ヘッダー ファイル\utility</Filter>
    </ClInclude>
    <ClInclude Include="utility.hpp">
      <Filter>ヘッダー ファイル</Filter>
    </ClInclude>
  </ItemGroup>
  <ItemGroup>
    <None Include="client.hpp">
      <Filter>ヘッダー ファイル</Filter>
    </None>
    <None Include="utility\impl\base64.ipp">
      <Filter>ヘッダー ファイル\utility\impl</Filter>
    </None>
    <None Include="utility\impl\hmac.ipp">
      <Filter>ヘッダー ファイル\utility\impl</Filter>
    </None>
    <None Include="utility\impl\authentication.ipp">
      <Filter>ヘッダー ファイル\utility\impl</Filter>
    </None>
    <None Include="utility\impl\percent_encoding.ipp">
      <Filter>ヘッダー ファイル\utility\impl</Filter>
    </None>
    <None Include="utility\impl\radix.ipp">
      <Filter>ヘッダー ファイル\utility\impl</Filter>
    </None>
    <None Include="utility\impl\sha1.ipp">
      <Filter>ヘッダー ファイル\utility\impl</Filter>
    </None>
    <None Include="utility\impl\url.ipp">
      <Filter>ヘッダー ファイル\utility\impl</Filter>
    </None>
    <None Include="utility\impl\url_encoded.ipp">
      <Filter>ヘッダー ファイル\utility\impl</Filter>
    </None>
    <None Include="keys\impl\key_version1.ipp">
      <Filter>ヘッダー ファイル\keys\impl</Filter>
    </None>
    <None Include="keys\impl\key_version2.ipp">
      <Filter>ヘッダー ファイル\keys\impl</Filter>
    </None>
    <None Include="detail\impl\oauth_version1.ipp">
      <Filter>ヘッダー ファイル\detail\impl</Filter>
    </None>
    <None Include="detail\impl\oauth_version2.ipp">
      <Filter>ヘッダー ファイル\detail\impl</Filter>
    </None>
    <None Include="client\impl\common_v1.ipp">
      <Filter>ヘッダー ファイル\client\impl</Filter>
    </None>
    <None Include="client\impl\twitter.ipp">
      <Filter>ヘッダー ファイル\client\impl</Filter>
    </None>
    <None Include="client\impl\yahoo.ipp">
      <Filter>ヘッダー ファイル\client\impl</Filter>
    </None>
  </ItemGroup>
  <ItemGroup>
    <ClCompile Include="..\..\src\twit-library.cpp">
      <Filter>ソース ファイル</Filter>
    </ClCompile>
  </ItemGroup>
</Project>