<?xml version="1.0" encoding="utf-8"?>
<Project ToolsVersion="4.0" xmlns="http://schemas.microsoft.com/developer/msbuild/2003">
  <ItemGroup>
    <Filter Include="ソース ファイル">
      <UniqueIdentifier>{4FC737F1-C7A5-4376-A066-2A32D752A2FF}</UniqueIdentifier>
      <Extensions>cpp;c;cc;cxx;def;odl;idl;hpj;bat;asm;asmx</Extensions>
    </Filter>
    <Filter Include="ヘッダー ファイル">
      <UniqueIdentifier>{93995380-89BD-4b04-88EB-625FBE52EBFB}</UniqueIdentifier>
      <Extensions>h;hpp;hxx;hm;inl;inc;xsd</Extensions>
    </Filter>
    <Filter Include="リソース ファイル">
      <UniqueIdentifier>{67DA6AB6-F800-4c08-8B7A-83BB121AAD01}</UniqueIdentifier>
      <Extensions>rc;ico;cur;bmp;dlg;rc2;rct;bin;rgs;gif;jpg;jpeg;jpe;resx;tiff;tif;png;wav;mfcribbon-ms</Extensions>
    </Filter>
    <Filter Include="ヘッダー ファイル\detail">
      <UniqueIdentifier>{2258afc0-96c7-42d3-b8c4-2f0d2819d482}</UniqueIdentifier>
    </Filter>
    <Filter Include="ヘッダー ファイル\keys">
      <UniqueIdentifier>{3d2aeb7e-0e66-47c8-aa79-c00c12c64272}</UniqueIdentifier>
    </Filter>
    <Filter Include="ヘッダー ファイル\version">
      <UniqueIdentifier>{110dece1-c278-4322-81b1-88acc789b8ca}</UniqueIdentifier>
    </Filter>
    <Filter Include="ヘッダー ファイル\utility">
      <UniqueIdentifier>{5e9878c4-9d4c-462b-8ae7-fbf484cd81b6}</UniqueIdentifier>
    </Filter>
    <Filter Include="ヘッダー ファイル\client">
      <UniqueIdentifier>{6c3a1b3c-928b-4c9b-a9b3-50df625dde74}</UniqueIdentifier>
    </Filter>
    <Filter Include="ヘッダー ファイル\content">
      <UniqueIdentifier>{59868790-536e-4a06-b6a3-e220dc4d09ae}</UniqueIdentifier>
    </Filter>
  </ItemGroup>
  <ItemGroup>
    <ClInclude Include="detail\oauth_version1.hpp">
      <Filter>ヘッダー ファイル\detail</Filter>
    </ClInclude>
    <ClInclude Include="detail\oauth_version2.hpp">
      <Filter>ヘッダー ファイル\detail</Filter>
    </ClInclude>
    <ClInclude Include="detail\oauth_base.hpp">
      <Filter>ヘッダー ファイル\detail</Filter>
    </ClInclude>
    <ClInclude Include="detail\client_base.hpp">
      <Filter>ヘッダー ファイル\detail</Filter>
    </ClInclude>
    <ClInclude Include="keys.hpp">
      <Filter>ヘッダー ファイル</Filter>
    </ClInclude>
    <ClInclude Include="keys\key_version1.hpp">
      <Filter>ヘッダー ファイル\keys</Filter>
    </ClInclude>
    <ClInclude Include="keys\key_base.hpp">
      <Filter>ヘッダー ファイル\keys</Filter>
    </ClInclude>
    <ClInclude Include="keys\key_version2.hpp">
      <Filter>ヘッダー ファイル\keys</Filter>
    </ClInclude>
    <ClInclude Include="version\v1.hpp">
      <Filter>ヘッダー ファイル\version</Filter>
    </ClInclude>
    <ClInclude Include="version\v2.hpp">
      <Filter>ヘッダー ファイル\version</Filter>
    </ClInclude>
    <ClInclude Include="version.hpp">
      <Filter>ヘッダー ファイル</Filter>
    </ClInclude>
    <ClInclude Include="utility.hpp">
      <Filter>ヘッダー ファイル</Filter>
    </ClInclude>
    <ClInclude Include="utility\authentication.hpp">
      <Filter>ヘッダー ファイル\utility</Filter>
    </ClInclude>
    <ClInclude Include="content\content_base.hpp">
      <Filter>ヘッダー ファイル\content</Filter>
    </ClInclude>
    <ClInclude Include="content\urlencoded.hpp">
      <Filter>ヘッダー ファイル\content</Filter>
    </ClInclude>
    <ClInclude Include="content\multipart_form_data.hpp">
      <Filter>ヘッダー ファイル\content</Filter>
    </ClInclude>
    <ClInclude Include="content\multipart_content_base.hpp">
      <Filter>ヘッダー ファイル\content</Filter>
    </ClInclude>
    <ClInclude Include="content\binary.hpp">
      <Filter>ヘッダー ファイル\content</Filter>
    </ClInclude>
    <ClInclude Include="content\text.hpp">
      <Filter>ヘッダー ファイル\content</Filter>
    </ClInclude>
    <ClInclude Include="client\yahoo.hpp">
      <Filter>ヘッダー ファイル\client</Filter>
    </ClInclude>
    <ClInclude Include="client\twitter.hpp">
      <Filter>ヘッダー ファイル\client</Filter>
    </ClInclude>
    <ClInclude Include="client\common_v1.hpp">
      <Filter>ヘッダー ファイル\client</Filter>
    </ClInclude>
  </ItemGroup>
  <ItemGroup>
    <None Include="client.hpp">
      <Filter>ヘッダー ファイル</Filter>
    </None>
  </ItemGroup>
</Project>